
Microsoft Visual Studio Solution File, Format Version 12.00
# Visual Studio 15
VisualStudioVersion = 15.0.27130.2010
MinimumVisualStudioVersion = 10.0.40219.1
Project("{E24C65DC-7377-472B-9ABA-BC803B73C61A}") = "SanFung.RollBall.Documents", "SanFung.RollBall.Documents\", "{9B869DC2-6643-4A4C-8C46-6D1136D92220}"
	ProjectSection(WebsiteProperties) = preProject
		TargetFrameworkMoniker = ".NETFramework,Version%3Dv4.6.1"
		Debug.AspNetCompiler.VirtualPath = "/localhost_50337"
		Debug.AspNetCompiler.PhysicalPath = "SanFung.RollBall.Documents\"
		Debug.AspNetCompiler.TargetPath = "PrecompiledWeb\localhost_50337\"
		Debug.AspNetCompiler.Updateable = "true"
		Debug.AspNetCompiler.ForceOverwrite = "true"
		Debug.AspNetCompiler.FixedNames = "false"
		Debug.AspNetCompiler.Debug = "True"
		Release.AspNetCompiler.VirtualPath = "/localhost_50337"
		Release.AspNetCompiler.PhysicalPath = "SanFung.RollBall.Documents\"
		Release.AspNetCompiler.TargetPath = "PrecompiledWeb\localhost_50337\"
		Release.AspNetCompiler.Updateable = "true"
		Release.AspNetCompiler.ForceOverwrite = "true"
		Release.AspNetCompiler.FixedNames = "false"
		Release.AspNetCompiler.Debug = "False"
		VWDPort = "50337"
		SlnRelativePath = "SanFung.RollBall.Documents\"
		DefaultWebSiteLanguage = "Visual C#"
	EndProjectSection
EndProject
Project("{FAE04EC0-301F-11D3-BF4B-00C04F79EFBC}") = "SanFung.Roball.API.HTTP.CSharp", "SanFung.RollBall.Documents\API\HTTP\CSharp\SanFung.Roball.API.HTTP.CSharp.csproj", "{D830F0A0-783E-4649-94B7-527D82C2A3E8}"
EndProject
Global
	GlobalSection(SolutionConfigurationPlatforms) = preSolution
		Debug|Any CPU = Debug|Any CPU
		Debug|ARM = Debug|ARM
		Debug|x64 = Debug|x64
		Debug|x86 = Debug|x86
		Release|Any CPU = Release|Any CPU
		Release|ARM = Release|ARM
		Release|x64 = Release|x64
		Release|x86 = Release|x86
	EndGlobalSection
	GlobalSection(ProjectConfigurationPlatforms) = postSolution
		{9B869DC2-6643-4A4C-8C46-6D1136D92220}.Debug|Any CPU.ActiveCfg = Debug|Any CPU
		{9B869DC2-6643-4A4C-8C46-6D1136D92220}.Debug|Any CPU.Build.0 = Debug|Any CPU
		{9B869DC2-6643-4A4C-8C46-6D1136D92220}.Debug|ARM.ActiveCfg = Debug|Any CPU
		{9B869DC2-6643-4A4C-8C46-6D1136D92220}.Debug|ARM.Build.0 = Debug|Any CPU
		{9B869DC2-6643-4A4C-8C46-6D1136D92220}.Debug|x64.ActiveCfg = Debug|Any CPU
		{9B869DC2-6643-4A4C-8C46-6D1136D92220}.Debug|x64.Build.0 = Debug|Any CPU
		{9B869DC2-6643-4A4C-8C46-6D1136D92220}.Debug|x86.ActiveCfg = Debug|Any CPU
		{9B869DC2-6643-4A4C-8C46-6D1136D92220}.Debug|x86.Build.0 = Debug|Any CPU
		{9B869DC2-6643-4A4C-8C46-6D1136D92220}.Release|Any CPU.ActiveCfg = Debug|Any CPU
		{9B869DC2-6643-4A4C-8C46-6D1136D92220}.Release|Any CPU.Build.0 = Debug|Any CPU
		{9B869DC2-6643-4A4C-8C46-6D1136D92220}.Release|ARM.ActiveCfg = Debug|Any CPU
		{9B869DC2-6643-4A4C-8C46-6D1136D92220}.Release|ARM.Build.0 = Debug|Any CPU
		{9B869DC2-6643-4A4C-8C46-6D1136D92220}.Release|x64.ActiveCfg = Debug|Any CPU
		{9B869DC2-6643-4A4C-8C46-6D1136D92220}.Release|x64.Build.0 = Debug|Any CPU
		{9B869DC2-6643-4A4C-8C46-6D1136D92220}.Release|x86.ActiveCfg = Debug|Any CPU
		{9B869DC2-6643-4A4C-8C46-6D1136D92220}.Release|x86.Build.0 = Debug|Any CPU
		{D830F0A0-783E-4649-94B7-527D82C2A3E8}.Debug|Any CPU.ActiveCfg = Debug|Any CPU
		{D830F0A0-783E-4649-94B7-527D82C2A3E8}.Debug|Any CPU.Build.0 = Debug|Any CPU
		{D830F0A0-783E-4649-94B7-527D82C2A3E8}.Debug|ARM.ActiveCfg = Debug|Any CPU
		{D830F0A0-783E-4649-94B7-527D82C2A3E8}.Debug|ARM.Build.0 = Debug|Any CPU
		{D830F0A0-783E-4649-94B7-527D82C2A3E8}.Debug|x64.ActiveCfg = Debug|Any CPU
		{D830F0A0-783E-4649-94B7-527D82C2A3E8}.Debug|x64.Build.0 = Debug|Any CPU
		{D830F0A0-783E-4649-94B7-527D82C2A3E8}.Debug|x86.ActiveCfg = Debug|Any CPU
		{D830F0A0-783E-4649-94B7-527D82C2A3E8}.Debug|x86.Build.0 = Debug|Any CPU
		{D830F0A0-783E-4649-94B7-527D82C2A3E8}.Release|Any CPU.ActiveCfg = Release|Any CPU
		{D830F0A0-783E-4649-94B7-527D82C2A3E8}.Release|Any CPU.Build.0 = Release|Any CPU
		{D830F0A0-783E-4649-94B7-527D82C2A3E8}.Release|ARM.ActiveCfg = Release|Any CPU
		{D830F0A0-783E-4649-94B7-527D82C2A3E8}.Release|ARM.Build.0 = Release|Any CPU
		{D830F0A0-783E-4649-94B7-527D82C2A3E8}.Release|x64.ActiveCfg = Release|Any CPU
		{D830F0A0-783E-4649-94B7-527D82C2A3E8}.Release|x64.Build.0 = Release|Any CPU
		{D830F0A0-783E-4649-94B7-527D82C2A3E8}.Release|x86.ActiveCfg = Release|Any CPU
		{D830F0A0-783E-4649-94B7-527D82C2A3E8}.Release|x86.Build.0 = Release|Any CPU
	EndGlobalSection
	GlobalSection(SolutionProperties) = preSolution
		HideSolutionNode = FALSE
	EndGlobalSection
	GlobalSection(ExtensibilityGlobals) = postSolution
		SolutionGuid = {0549AD47-F3E5-4269-901C-42F6D86D90EB}
	EndGlobalSection
EndGlobal
